
Microsoft Visual Studio Solution File, Format Version 12.00
# Visual Studio Version 17
VisualStudioVersion = 17.14.36221.1
MinimumVisualStudioVersion = 10.0.40219.1
Project("{FAE04EC0-301F-11D3-BF4B-00C04F79EFBC}") = "Al-BoomehAPI", "Al-BoomehAPI.csproj", "{19FD97F1-0E70-401B-9E3C-96CF39EC0545}"
EndProject
Project("{FAE04EC0-301F-11D3-BF4B-00C04F79EFBC}") = "Al-BoomehServices", "..\Al-BoomehServices\Al-BoomehServices.csproj", "{9BCE3CE9-360D-B940-FDD4-046A2CA5D0BB}"
EndProject
Project("{FAE04EC0-301F-11D3-BF4B-00C04F79EFBC}") = "Al-BoomehDAL", "..\Al-BoomehData\Al-BoomehDAL.csproj", "{6E3C81AA-E56E-FE35-84A2-EB675DC4FD16}"
EndProject
Global
	GlobalSection(SolutionConfigurationPlatforms) = preSolution
		Debug|Any CPU = Debug|Any CPU
		Release|Any CPU = Release|Any CPU
	EndGlobalSection
	GlobalSection(ProjectConfigurationPlatforms) = postSolution
		{19FD97F1-0E70-401B-9E3C-96CF39EC0545}.Debug|Any CPU.ActiveCfg = Debug|Any CPU
		{19FD97F1-0E70-401B-9E3C-96CF39EC0545}.Debug|Any CPU.Build.0 = Debug|Any CPU
		{19FD97F1-0E70-401B-9E3C-96CF39EC0545}.Release|Any CPU.ActiveCfg = Release|Any CPU
		{19FD97F1-0E70-401B-9E3C-96CF39EC0545}.Release|Any CPU.Build.0 = Release|Any CPU
		{9BCE3CE9-360D-B940-FDD4-046A2CA5D0BB}.Debug|Any CPU.ActiveCfg = Debug|Any CPU
		{9BCE3CE9-360D-B940-FDD4-046A2CA5D0BB}.Debug|Any CPU.Build.0 = Debug|Any CPU
		{9BCE3CE9-360D-B940-FDD4-046A2CA5D0BB}.Release|Any CPU.ActiveCfg = Release|Any CPU
		{9BCE3CE9-360D-B940-FDD4-046A2CA5D0BB}.Release|Any CPU.Build.0 = Release|Any CPU
		{6E3C81AA-E56E-FE35-84A2-EB675DC4FD16}.Debug|Any CPU.ActiveCfg = Debug|Any CPU
		{6E3C81AA-E56E-FE35-84A2-EB675DC4FD16}.Debug|Any CPU.Build.0 = Debug|Any CPU
		{6E3C81AA-E56E-FE35-84A2-EB675DC4FD16}.Release|Any CPU.ActiveCfg = Release|Any CPU
		{6E3C81AA-E56E-FE35-84A2-EB675DC4FD16}.Release|Any CPU.Build.0 = Release|Any CPU
	EndGlobalSection
	GlobalSection(SolutionProperties) = preSolution
		HideSolutionNode = FALSE
	EndGlobalSection
	GlobalSection(ExtensibilityGlobals) = postSolution
		SolutionGuid = {129F54FC-8410-4083-ACCD-669D6A6CD067}
	EndGlobalSection
EndGlobal
