
Microsoft Visual Studio Solution File, Format Version 12.00
# Visual Studio Version 17
VisualStudioVersion = 17.14.36221.1 d17.14
MinimumVisualStudioVersion = 10.0.40219.1
Project("{FAE04EC0-301F-11D3-BF4B-00C04F79EFBC}") = "Seeding", "Seeding.csproj", "{687AEDE5-DFAC-43FE-BDB2-992F7CF0ED2E}"
EndProject
Project("{FAE04EC0-301F-11D3-BF4B-00C04F79EFBC}") = "Al-BoomehDAL", "..\Al-BoomehData\Al-BoomehDAL.csproj", "{6E3C81AA-E56E-FE35-84A2-EB675DC4FD16}"
EndProject
Global
	GlobalSection(SolutionConfigurationPlatforms) = preSolution
		Debug|Any CPU = Debug|Any CPU
		Release|Any CPU = Release|Any CPU
	EndGlobalSection
	GlobalSection(ProjectConfigurationPlatforms) = postSolution
		{687AEDE5-DFAC-43FE-BDB2-992F7CF0ED2E}.Debug|Any CPU.ActiveCfg = Debug|Any CPU
		{687AEDE5-DFAC-43FE-BDB2-992F7CF0ED2E}.Debug|Any CPU.Build.0 = Debug|Any CPU
		{687AEDE5-DFAC-43FE-BDB2-992F7CF0ED2E}.Release|Any CPU.ActiveCfg = Release|Any CPU
		{687AEDE5-DFAC-43FE-BDB2-992F7CF0ED2E}.Release|Any CPU.Build.0 = Release|Any CPU
		{6E3C81AA-E56E-FE35-84A2-EB675DC4FD16}.Debug|Any CPU.ActiveCfg = Debug|Any CPU
		{6E3C81AA-E56E-FE35-84A2-EB675DC4FD16}.Debug|Any CPU.Build.0 = Debug|Any CPU
		{6E3C81AA-E56E-FE35-84A2-EB675DC4FD16}.Release|Any CPU.ActiveCfg = Release|Any CPU
		{6E3C81AA-E56E-FE35-84A2-EB675DC4FD16}.Release|Any CPU.Build.0 = Release|Any CPU
	EndGlobalSection
	GlobalSection(SolutionProperties) = preSolution
		HideSolutionNode = FALSE
	EndGlobalSection
	GlobalSection(ExtensibilityGlobals) = postSolution
		SolutionGuid = {C03B7107-1556-4BB4-AC40-D7744D37C913}
	EndGlobalSection
EndGlobal
