
Microsoft Visual Studio Solution File, Format Version 12.00
# Visual Studio Version 17
VisualStudioVersion = 17.14.36221.1
MinimumVisualStudioVersion = 10.0.40219.1
Project("{FAE04EC0-301F-11D3-BF4B-00C04F79EFBC}") = "Al-BoomehServices", "Al-BoomehServices.csproj", "{314A60AC-4EB9-4FFE-950D-05B27DA32050}"
EndProject
Project("{FAE04EC0-301F-11D3-BF4B-00C04F79EFBC}") = "Al-BoomehDAL", "..\Al-BoomehData\Al-BoomehDAL.csproj", "{6E3C81AA-E56E-FE35-84A2-EB675DC4FD16}"
EndProject
Global
	GlobalSection(SolutionConfigurationPlatforms) = preSolution
		Debug|Any CPU = Debug|Any CPU
		Release|Any CPU = Release|Any CPU
	EndGlobalSection
	GlobalSection(ProjectConfigurationPlatforms) = postSolution
		{314A60AC-4EB9-4FFE-950D-05B27DA32050}.Debug|Any CPU.ActiveCfg = Debug|Any CPU
		{314A60AC-4EB9-4FFE-950D-05B27DA32050}.Debug|Any CPU.Build.0 = Debug|Any CPU
		{314A60AC-4EB9-4FFE-950D-05B27DA32050}.Release|Any CPU.ActiveCfg = Release|Any CPU
		{314A60AC-4EB9-4FFE-950D-05B27DA32050}.Release|Any CPU.Build.0 = Release|Any CPU
		{6E3C81AA-E56E-FE35-84A2-EB675DC4FD16}.Debug|Any CPU.ActiveCfg = Debug|Any CPU
		{6E3C81AA-E56E-FE35-84A2-EB675DC4FD16}.Debug|Any CPU.Build.0 = Debug|Any CPU
		{6E3C81AA-E56E-FE35-84A2-EB675DC4FD16}.Release|Any CPU.ActiveCfg = Release|Any CPU
		{6E3C81AA-E56E-FE35-84A2-EB675DC4FD16}.Release|Any CPU.Build.0 = Release|Any CPU
	EndGlobalSection
	GlobalSection(SolutionProperties) = preSolution
		HideSolutionNode = FALSE
	EndGlobalSection
	GlobalSection(ExtensibilityGlobals) = postSolution
		SolutionGuid = {EC2E3F9B-F86B-470A-B14F-5A3F1E037BF7}
	EndGlobalSection
EndGlobal
